PODS:
  - HYNDEMO/Base (1.2.9)
  - HYNDEMO/Category (1.2.9)
  - HYNMain (1.1.2):
    - HYNDEMO/Base
    - HYNDEMO/Category

DEPENDENCIES:
  - HYNMain (from `../`)

SPEC REPOS:
  "git@github.com:HJ2018/HYNBase.git":
    - HYNDEMO

EXTERNAL SOURCES:
  HYNMain:
    :path: "../"

SPEC CHECKSUMS:
  HYNDEMO: 35242515241a698b5701f3ee9f7434809bac2347
  HYNMain: fb7155e29978d0cb880bc86737ab771814353c1e

PODFILE CHECKSUM: 7d46c14af413d0e589d27988fd13b2172559e087

COCOAPODS: 1.10.2
